{
  "requires": true,
  "lockfileVersion": 1,
  "dependencies": {
    "Exercise": {
      "version": "file:../../lab3/lab_activity/Exercise/Exercise-0.1.2.tgz",
      "integrity": "sha512-rPw90ynNPn4/bZ8KZ9SCfjFHVCNZMbYf7vf/iYraLoqIRfgHeWzI1iXXW7LWuSSV+FW+k4CV/MeS6dq0w0+eow=="
    },
    "tracker": {
      "version": "file:../../lab3/lab_activity/tracker/tracker-0.1.3.tgz",
      "integrity": "sha512-p3oDZIrKx02ZiXrqv+ySRhyEf4MmK1gDHFmFRkf+ntcbSAHz4v/CYOGWtNrPUnEVx2b7mIkU2y/Fzwt54ItpWQ==",
      "requires": {
        "Exercise": "file:../../lab3/lab_activity/Exercise"
      },
      "dependencies": {
        "Exercise": {
          "version": "file:../../lab3/lab_activity/Exercise"
        }
      }
    }
  }
}
